// !$*UTF8*$!
{
	archiveVersion = 1;
	classes = {
	};
	objectVersion = 56;
	objects = {

/* Begin PBXBuildFile section */
		F8A9C8412BB1DE8E000C7F6B /* GroceryApp.swift in Sources */ = {isa = PBXBuildFile; fileRef = F8A9C8402BB1DE8E000C7F6B /* GroceryApp.swift */; };
		F8A9C8432BB1DE8E000C7F6B /* ContentView.swift in Sources */ = {isa = PBXBuildFile; fileRef = F8A9C8422BB1DE8E000C7F6B /* ContentView.swift */; };
		F8A9C8452BB1DE8F000C7F6B /* Assets.xcassets in Resources */ = {isa = PBXBuildFile; fileRef = F8A9C8442BB1DE8F000C7F6B /* Assets.xcassets */; };
		F8A9C8482BB1DE8F000C7F6B /* Preview Assets.xcassets in Resources */ = {isa = PBXBuildFile; fileRef = F8A9C8472BB1DE8F000C7F6B /* Preview Assets.xcassets */; };
		F8A9C8522BB1DE8F000C7F6B /* GroceryTests.swift in Sources */ = {isa = PBXBuildFile; fileRef = F8A9C8512BB1DE8F000C7F6B /* GroceryTests.swift */; };
		F8A9C85C2BB1DE90000C7F6B /* GroceryUITests.swift in Sources */ = {isa = PBXBuildFile; fileRef = F8A9C85B2BB1DE90000C7F6B /* GroceryUITests.swift */; };
		F8A9C85E2BB1DE90000C7F6B /* GroceryUITestsLaunchTests.swift in Sources */ = {isa = PBXBuildFile; fileRef = F8A9C85D2BB1DE90000C7F6B /* GroceryUITestsLaunchTests.swift */; };
/* End PBXBuildFile section */

/* Begin PBXContainerItemProxy section */
		F8A9C84E2BB1DE8F000C7F6B /* PBXContainerItemProxy */ = {
			isa = PBXContainerItemProxy;
			containerPortal = F8A9C8352BB1DE8E000C7F6B /* Project object */;
			proxyType = 1;
			remoteGlobalIDString = F8A9C83C2BB1DE8E000C7F6B;
			remoteInfo = Grocery;
		};
		F8A9C8582BB1DE90000C7F6B /* PBXContainerItemProxy */ = {
			isa = PBXContainerItemProxy;
			containerPortal = F8A9C8352BB1DE8E000C7F6B /* Project object */;
			proxyType = 1;
			remoteGlobalIDString = F8A9C83C2BB1DE8E000C7F6B;
			remoteInfo = Grocery;
		};
/* End PBXContainerItemProxy section */

/* Begin PBXFileReference section */
		F8A9C83D2BB1DE8E000C7F6B /* Grocery.app */ = {isa = PBXFileReference; explicitFileType = wrapper.application; includeInIndex = 0; path = Grocery.app; sourceTree = BUILT_PRODUCTS_DIR; };
		F8A9C8402BB1DE8E000C7F6B /* GroceryApp.swift */ = {isa = PBXFileReference; lastKnownFileType = sourcecode.swift; path = GroceryApp.swift; sourceTree = "<group>"; };
		F8A9C8422BB1DE8E000C7F6B /* ContentView.swift */ = {isa = PBXFileReference; lastKnownFileType = sourcecode.swift; path = ContentView.swift; sourceTree = "<group>"; };
		F8A9C8442BB1DE8F000C7F6B /* Assets.xcassets */ = {isa = PBXFileReference; lastKnownFileType = folder.assetcatalog; path = Assets.xcassets; sourceTree = "<group>"; };
		F8A9C8472BB1DE8F000C7F6B /* Preview Assets.xcassets */ = {isa = PBXFileReference; lastKnownFileType = folder.assetcatalog; path = "Preview Assets.xcassets"; sourceTree = "<group>"; };
		F8A9C84D2BB1DE8F000C7F6B /* GroceryTests.xctest */ = {isa = PBXFileReference; explicitFileType = wrapper.cfbundle; includeInIndex = 0; path = GroceryTests.xctest; sourceTree = BUILT_PRODUCTS_DIR; };
		F8A9C8512BB1DE8F000C7F6B /* GroceryTests.swift */ = {isa = PBXFileReference; lastKnownFileType = sourcecode.swift; path = GroceryTests.swift; sourceTree = "<group>"; };
		F8A9C8572BB1DE90000C7F6B /* GroceryUITests.xctest */ = {isa = PBXFileReference; explicitFileType = wrapper.cfbundle; includeInIndex = 0; path = GroceryUITests.xctest; sourceTree = BUILT_PRODUCTS_DIR; };
		F8A9C85B2BB1DE90000C7F6B /* GroceryUITests.swift */ = {isa = PBXFileReference; lastKnownFileType = sourcecode.swift; path = GroceryUITests.swift; sourceTree = "<group>"; };
		F8A9C85D2BB1DE90000C7F6B /* GroceryUITestsLaunchTests.swift */ = {isa = PBXFileReference; lastKnownFileType = sourcecode.swift; path = GroceryUITestsLaunchTests.swift; sourceTree = "<group>"; };
/* End PBXFileReference section */

/* Begin PBXFrameworksBuildPhase section */
		F8A9C83A2BB1DE8E000C7F6B /* Frameworks */ = {
			isa = PBXFrameworksBuildPhase;
			buildActionMask = 2147483647;
			files = (
			);
			runOnlyForDeploymentPostprocessing = 0;
		};
		F8A9C84A2BB1DE8F000C7F6B /* Frameworks */ = {
			isa = PBXFrameworksBuildPhase;
			buildActionMask = 2147483647;
			files = (
			);
			runOnlyForDeploymentPostprocessing = 0;
		};
		F8A9C8542BB1DE90000C7F6B /* Frameworks */ = {
			isa = PBXFrameworksBuildPhase;
			buildActionMask = 2147483647;
			files = (
			);
			runOnlyForDeploymentPostprocessing = 0;
		};
/* End PBXFrameworksBuildPhase section */

/* Begin PBXGroup section */
		F8A9C8342BB1DE8E000C7F6B = {
			isa = PBXGroup;
			children = (
				F8A9C83F2BB1DE8E000C7F6B /* Grocery */,
				F8A9C8502BB1DE8F000C7F6B /* GroceryTests */,
				F8A9C85A2BB1DE90000C7F6B /* GroceryUITests */,
				F8A9C83E2BB1DE8E000C7F6B /* Products */,
			);
			sourceTree = "<group>";
		};
		F8A9C83E2BB1DE8E000C7F6B /* Products */ = {
			isa = PBXGroup;
			children = (
				F8A9C83D2BB1DE8E000C7F6B /* Grocery.app */,
				F8A9C84D2BB1DE8F000C7F6B /* GroceryTests.xctest */,
				F8A9C8572BB1DE90000C7F6B /* GroceryUITests.xctest */,
			);
			name = Products;
			sourceTree = "<group>";
		};
		F8A9C83F2BB1DE8E000C7F6B /* Grocery */ = {
			isa = PBXGroup;
			children = (
				F8A9C8402BB1DE8E000C7F6B /* GroceryApp.swift */,
				F8A9C8422BB1DE8E000C7F6B /* ContentView.swift */,
				F8A9C8442BB1DE8F000C7F6B /* Assets.xcassets */,
				F8A9C8462BB1DE8F000C7F6B /* Preview Content */,
			);
			path = Grocery;
			sourceTree = "<group>";
		};
		F8A9C8462BB1DE8F000C7F6B /* Preview Content */ = {
			isa = PBXGroup;
			children = (
				F8A9C8472BB1DE8F000C7F6B /* Preview Assets.xcassets */,
			);
			path = "Preview Content";
			sourceTree = "<group>";
		};
		F8A9C8502BB1DE8F000C7F6B /* GroceryTests */ = {
			isa = PBXGroup;
			children = (
				F8A9C8512BB1DE8F000C7F6B /* GroceryTests.swift */,
			);
			path = GroceryTests;
			sourceTree = "<group>";
		};
		F8A9C85A2BB1DE90000C7F6B /* GroceryUITests */ = {
			isa = PBXGroup;
			children = (
				F8A9C85B2BB1DE90000C7F6B /* GroceryUITests.swift */,
				F8A9C85D2BB1DE90000C7F6B /* GroceryUITestsLaunchTests.swift */,
			);
			path = GroceryUITests;
			sourceTree = "<group>";
		};
/* End PBXGroup section */

/* Begin PBXNativeTarget section */
		F8A9C83C2BB1DE8E000C7F6B /* Grocery */ = {
			isa = PBXNativeTarget;
			buildConfigurationList = F8A9C8612BB1DE90000C7F6B /* Build configuration list for PBXNativeTarget "Grocery" */;
			buildPhases = (
				F8A9C8392BB1DE8E000C7F6B /* Sources */,
				F8A9C83A2BB1DE8E000C7F6B /* Frameworks */,
				F8A9C83B2BB1DE8E000C7F6B /* Resources */,
			);
			buildRules = (
			);
			dependencies = (
			);
			name = Grocery;
			productName = Grocery;
			productReference = F8A9C83D2BB1DE8E000C7F6B /* Grocery.app */;
			productType = "com.apple.product-type.application";
		};
		F8A9C84C2BB1DE8F000C7F6B /* GroceryTests */ = {
			isa = PBXNativeTarget;
			buildConfigurationList = F8A9C8642BB1DE90000C7F6B /* Build configuration list for PBXNativeTarget "GroceryTests" */;
			buildPhases = (
				F8A9C8492BB1DE8F000C7F6B /* Sources */,
				F8A9C84A2BB1DE8F000C7F6B /* Frameworks */,
				F8A9C84B2BB1DE8F000C7F6B /* Resources */,
			);
			buildRules = (
			);
			dependencies = (
				F8A9C84F2BB1DE8F000C7F6B /* PBXTargetDependency */,
			);
			name = GroceryTests;
			productName = GroceryTests;
			productReference = F8A9C84D2BB1DE8F000C7F6B /* GroceryTests.xctest */;
			productType = "com.apple.product-type.bundle.unit-test";
		};
		F8A9C8562BB1DE90000C7F6B /* GroceryUITests */ = {
			isa = PBXNativeTarget;
			buildConfigurationList = F8A9C8672BB1DE90000C7F6B /* Build configuration list for PBXNativeTarget "GroceryUITests" */;
			buildPhases = (
				F8A9C8532BB1DE90000C7F6B /* Sources */,
				F8A9C8542BB1DE90000C7F6B /* Frameworks */,
				F8A9C8552BB1DE90000C7F6B /* Resources */,
			);
			buildRules = (
			);
			dependencies = (
				F8A9C8592BB1DE90000C7F6B /* PBXTargetDependency */,
			);
			name = GroceryUITests;
			productName = GroceryUITests;
			productReference = F8A9C8572BB1DE90000C7F6B /* GroceryUITests.xctest */;
			productType = "com.apple.product-type.bundle.ui-testing";
		};
/* End PBXNativeTarget section */

/* Begin PBXProject section */
		F8A9C8352BB1DE8E000C7F6B /* Project object */ = {
			isa = PBXProject;
			attributes = {
				BuildIndependentTargetsInParallel = 1;
				LastSwiftUpdateCheck = 1530;
				LastUpgradeCheck = 1530;
				TargetAttributes = {
					F8A9C83C2BB1DE8E000C7F6B = {
						CreatedOnToolsVersion = 15.3;
					};
					F8A9C84C2BB1DE8F000C7F6B = {
						CreatedOnToolsVersion = 15.3;
						TestTargetID = F8A9C83C2BB1DE8E000C7F6B;
					};
					F8A9C8562BB1DE90000C7F6B = {
						CreatedOnToolsVersion = 15.3;
						TestTargetID = F8A9C83C2BB1DE8E000C7F6B;
					};
				};
			};
			buildConfigurationList = F8A9C8382BB1DE8E000C7F6B /* Build configuration list for PBXProject "Grocery" */;
			compatibilityVersion = "Xcode 14.0";
			developmentRegion = en;
			hasScannedForEncodings = 0;
			knownRegions = (
				en,
				Base,
			);
			mainGroup = F8A9C8342BB1DE8E000C7F6B;
			productRefGroup = F8A9C83E2BB1DE8E000C7F6B /* Products */;
			projectDirPath = "";
			projectRoot = "";
			targets = (
				F8A9C83C2BB1DE8E000C7F6B /* Grocery */,
				F8A9C84C2BB1DE8F000C7F6B /* GroceryTests */,
				F8A9C8562BB1DE90000C7F6B /* GroceryUITests */,
			);
		};
/* End PBXProject section */

/* Begin PBXResourcesBuildPhase section */
		F8A9C83B2BB1DE8E000C7F6B /* Resources */ = {
			isa = PBXResourcesBuildPhase;
			buildActionMask = 2147483647;
			files = (
				F8A9C8482BB1DE8F000C7F6B /* Preview Assets.xcassets in Resources */,
				F8A9C8452BB1DE8F000C7F6B /* Assets.xcassets in Resources */,
			);
			runOnlyForDeploymentPostprocessing = 0;
		};
		F8A9C84B2BB1DE8F000C7F6B /* Resources */ = {
			isa = PBXResourcesBuildPhase;
			buildActionMask = 2147483647;
			files = (
			);
			runOnlyForDeploymentPostprocessing = 0;
		};
		F8A9C8552BB1DE90000C7F6B /* Resources */ = {
			isa = PBXResourcesBuildPhase;
			buildActionMask = 2147483647;
			files = (
			);
			runOnlyForDeploymentPostprocessing = 0;
		};
/* End PBXResourcesBuildPhase section */

/* Begin PBXSourcesBuildPhase section */
		F8A9C8392BB1DE8E000C7F6B /* Sources */ = {
			isa = PBXSourcesBuildPhase;
			buildActionMask = 2147483647;
			files = (
				F8A9C8432BB1DE8E000C7F6B /* ContentView.swift in Sources */,
				F8A9C8412BB1DE8E000C7F6B /* GroceryApp.swift in Sources */,
			);
			runOnlyForDeploymentPostprocessing = 0;
		};
		F8A9C8492BB1DE8F000C7F6B /* Sources */ = {
			isa = PBXSourcesBuildPhase;
			buildActionMask = 2147483647;
			files = (
				F8A9C8522BB1DE8F000C7F6B /* GroceryTests.swift in Sources */,
			);
			runOnlyForDeploymentPostprocessing = 0;
		};
		F8A9C8532BB1DE90000C7F6B /* Sources */ = {
			isa = PBXSourcesBuildPhase;
			buildActionMask = 2147483647;
			files = (
				F8A9C85E2BB1DE90000C7F6B /* GroceryUITestsLaunchTests.swift in Sources */,
				F8A9C85C2BB1DE90000C7F6B /* GroceryUITests.swift in Sources */,
			);
			runOnlyForDeploymentPostprocessing = 0;
		};
/* End PBXSourcesBuildPhase section */

/* Begin PBXTargetDependency section */
		F8A9C84F2BB1DE8F000C7F6B /* PBXTargetDependency */ = {
			isa = PBXTargetDependency;
			target = F8A9C83C2BB1DE8E000C7F6B /* Grocery */;
			targetProxy = F8A9C84E2BB1DE8F000C7F6B /* PBXContainerItemProxy */;
		};
		F8A9C8592BB1DE90000C7F6B /* PBXTargetDependency */ = {
			isa = PBXTargetDependency;
			target = F8A9C83C2BB1DE8E000C7F6B /* Grocery */;
			targetProxy = F8A9C8582BB1DE90000C7F6B /* PBXContainerItemProxy */;
		};
/* End PBXTargetDependency section */

/* Begin XCBuildConfiguration section */
		F8A9C85F2BB1DE90000C7F6B /* Debug */ = {
			isa = XCBuildConfiguration;
			buildSettings = {
				ALWAYS_SEARCH_USER_PATHS = NO;
				ASSETCATALOG_COMPILER_GENERATE_SWIFT_ASSET_SYMBOL_EXTENSIONS = YES;
				CLANG_ANALYZER_NONNULL = YES;
				CLANG_ANALYZER_NUMBER_OBJECT_CONVERSION = YES_AGGRESSIVE;
				CLANG_CXX_LANGUAGE_STANDARD = "gnu++20";
				CLANG_ENABLE_MODULES = YES;
				CLANG_ENABLE_OBJC_ARC = YES;
				CLANG_ENABLE_OBJC_WEAK = YES;
				CLANG_WARN_BLOCK_CAPTURE_AUTORELEASING = YES;
				CLANG_WARN_BOOL_CONVERSION = YES;
				CLANG_WARN_COMMA = YES;
				CLANG_WARN_CONSTANT_CONVERSION = YES;
				CLANG_WARN_DEPRECATED_OBJC_IMPLEMENTATIONS = YES;
				CLANG_WARN_DIRECT_OBJC_ISA_USAGE = YES_ERROR;
				CLANG_WARN_DOCUMENTATION_COMMENTS = YES;
				CLANG_WARN_EMPTY_BODY = YES;
				CLANG_WARN_ENUM_CONVERSION = YES;
				CLANG_WARN_INFINITE_RECURSION = YES;
				CLANG_WARN_INT_CONVERSION = YES;
				CLANG_WARN_NON_LITERAL_NULL_CONVERSION = YES;
				CLANG_WARN_OBJC_IMPLICIT_RETAIN_SELF = YES;
				CLANG_WARN_OBJC_LITERAL_CONVERSION = YES;
				CLANG_WARN_OBJC_ROOT_CLASS = YES_ERROR;
				CLANG_WARN_QUOTED_INCLUDE_IN_FRAMEWORK_HEADER = YES;
				CLANG_WARN_RANGE_LOOP_ANALYSIS = YES;
				CLANG_WARN_STRICT_PROTOTYPES = YES;
				CLANG_WARN_SUSPICIOUS_MOVE = YES;
				CLANG_WARN_UNGUARDED_AVAILABILITY = YES_AGGRESSIVE;
				CLANG_WARN_UNREACHABLE_CODE = YES;
				CLANG_WARN__DUPLICATE_METHOD_MATCH = YES;
				COPY_PHASE_STRIP = NO;
				DEBUG_INFORMATION_FORMAT = dwarf;
				ENABLE_STRICT_OBJC_MSGSEND = YES;
				ENABLE_TESTABILITY = YES;
				ENABLE_USER_SCRIPT_SANDBOXING = YES;
				GCC_C_LANGUAGE_STANDARD = gnu17;
				GCC_DYNAMIC_NO_PIC = NO;
				GCC_NO_COMMON_BLOCKS = YES;
				GCC_OPTIMIZATION_LEVEL = 0;
				GCC_PREPROCESSOR_DEFINITIONS = (
					"DEBUG=1",
					"$(inherited)",
				);
				GCC_WARN_64_TO_32_BIT_CONVERSION = YES;
				GCC_WARN_ABOUT_RETURN_TYPE = YES_ERROR;
				GCC_WARN_UNDECLARED_SELECTOR = YES;
				GCC_WARN_UNINITIALIZED_AUTOS = YES_AGGRESSIVE;
				GCC_WARN_UNUSED_FUNCTION = YES;
				GCC_WARN_UNUSED_VARIABLE = YES;
				IPHONEOS_DEPLOYMENT_TARGET = 17.4;
				LOCALIZATION_PREFERS_STRING_CATALOGS = YES;
				MTL_ENABLE_DEBUG_INFO = INCLUDE_SOURCE;
				MTL_FAST_MATH = YES;
				ONLY_ACTIVE_ARCH = YES;
				SDKROOT = iphoneos;
				SWIFT_ACTIVE_COMPILATION_CONDITIONS = "DEBUG $(inherited)";
				SWIFT_OPTIMIZATION_LEVEL = "-Onone";
			};
			name = Debug;
		};
		F8A9C8602BB1DE90000C7F6B /* Release */ = {
			isa = XCBuildConfiguration;
			buildSettings = {
				ALWAYS_SEARCH_USER_PATHS = NO;
				ASSETCATALOG_COMPILER_GENERATE_SWIFT_ASSET_SYMBOL_EXTENSIONS = YES;
				CLANG_ANALYZER_NONNULL = YES;
				CLANG_ANALYZER_NUMBER_OBJECT_CONVERSION = YES_AGGRESSIVE;
				CLANG_CXX_LANGUAGE_STANDARD = "gnu++20";
				CLANG_ENABLE_MODULES = YES;
				CLANG_ENABLE_OBJC_ARC = YES;
				CLANG_ENABLE_OBJC_WEAK = YES;
				CLANG_WARN_BLOCK_CAPTURE_AUTORELEASING = YES;
				CLANG_WARN_BOOL_CONVERSION = YES;
				CLANG_WARN_COMMA = YES;
				CLANG_WARN_CONSTANT_CONVERSION = YES;
				CLANG_WARN_DEPRECATED_OBJC_IMPLEMENTATIONS = YES;
				CLANG_WARN_DIRECT_OBJC_ISA_USAGE = YES_ERROR;
				CLANG_WARN_DOCUMENTATION_COMMENTS = YES;
				CLANG_WARN_EMPTY_BODY = YES;
				CLANG_WARN_ENUM_CONVERSION = YES;
				CLANG_WARN_INFINITE_RECURSION = YES;
				CLANG_WARN_INT_CONVERSION = YES;
				CLANG_WARN_NON_LITERAL_NULL_CONVERSION = YES;
				CLANG_WARN_OBJC_IMPLICIT_RETAIN_SELF = YES;
				CLANG_WARN_OBJC_LITERAL_CONVERSION = YES;
				CLANG_WARN_OBJC_ROOT_CLASS = YES_ERROR;
				CLANG_WARN_QUOTED_INCLUDE_IN_FRAMEWORK_HEADER = YES;
				CLANG_WARN_RANGE_LOOP_ANALYSIS = YES;
				CLANG_WARN_STRICT_PROTOTYPES = YES;
				CLANG_WARN_SUSPICIOUS_MOVE = YES;
				CLANG_WARN_UNGUARDED_AVAILABILITY = YES_AGGRESSIVE;
				CLANG_WARN_UNREACHABLE_CODE = YES;
				CLANG_WARN__DUPLICATE_METHOD_MATCH = YES;
				COPY_PHASE_STRIP = NO;
				DEBUG_INFORMATION_FORMAT = "dwarf-with-dsym";
				ENABLE_NS_ASSERTIONS = NO;
				ENABLE_STRICT_OBJC_MSGSEND = YES;
				ENABLE_USER_SCRIPT_SANDBOXING = YES;
				GCC_C_LANGUAGE_STANDARD = gnu17;
				GCC_NO_COMMON_BLOCKS = YES;
				GCC_WARN_64_TO_32_BIT_CONVERSION = YES;
				GCC_WARN_ABOUT_RETURN_TYPE = YES_ERROR;
				GCC_WARN_UNDECLARED_SELECTOR = YES;
				GCC_WARN_UNINITIALIZED_AUTOS = YES_AGGRESSIVE;
				GCC_WARN_UNUSED_FUNCTION = YES;
				GCC_WARN_UNUSED_VARIABLE = YES;
				IPHONEOS_DEPLOYMENT_TARGET = 17.4;
				LOCALIZATION_PREFERS_STRING_CATALOGS = YES;
				MTL_ENABLE_DEBUG_INFO = NO;
				MTL_FAST_MATH = YES;
				SDKROOT = iphoneos;
				SWIFT_COMPILATION_MODE = wholemodule;
				VALIDATE_PRODUCT = YES;
			};
			name = Release;
		};
		F8A9C8622BB1DE90000C7F6B /* Debug */ = {
			isa = XCBuildConfiguration;
			buildSettings = {
				ASSETCATALOG_COMPILER_APPICON_NAME = AppIcon;
				ASSETCATALOG_COMPILER_GLOBAL_ACCENT_COLOR_NAME = AccentColor;
				CODE_SIGN_STYLE = Automatic;
				CURRENT_PROJECT_VERSION = 1;
				DEVELOPMENT_ASSET_PATHS = "\"Grocery/Preview Content\"";
				ENABLE_PREVIEWS = YES;
				GENERATE_INFOPLIST_FILE = YES;
				INFOPLIST_KEY_UIApplicationSceneManifest_Generation = YES;
				INFOPLIST_KEY_UIApplicationSupportsIndirectInputEvents = YES;
				INFOPLIST_KEY_UILaunchScreen_Generation = YES;
				INFOPLIST_KEY_UISupportedInterfaceOrientations_iPad = "UIInterfaceOrientationPortrait UIInterfaceOrientationPortraitUpsideDown UIInterfaceOrientationLandscapeLeft UIInterfaceOrientationLandscapeRight";
				INFOPLIST_KEY_UISupportedInterfaceOrientations_iPhone = "UIInterfaceOrientationPortrait UIInterfaceOrientationLandscapeLeft UIInterfaceOrientationLandscapeRight";
				LD_RUNPATH_SEARCH_PATHS = (
					"$(inherited)",
					"@executable_path/Frameworks",
				);
				MARKETING_VERSION = 1.0;
				PRODUCT_BUNDLE_IDENTIFIER = simona.Grocery;
				PRODUCT_NAME = "$(TARGET_NAME)";
				SWIFT_EMIT_LOC_STRINGS = YES;
				SWIFT_VERSION = 5.0;
				TARGETED_DEVICE_FAMILY = "1,2";
			};
			name = Debug;
		};
		F8A9C8632BB1DE90000C7F6B /* Release */ = {
			isa = XCBuildConfiguration;
			buildSettings = {
				ASSETCATALOG_COMPILER_APPICON_NAME = AppIcon;
				ASSETCATALOG_COMPILER_GLOBAL_ACCENT_COLOR_NAME = AccentColor;
				CODE_SIGN_STYLE = Automatic;
				CURRENT_PROJECT_VERSION = 1;
				DEVELOPMENT_ASSET_PATHS = "\"Grocery/Preview Content\"";
				ENABLE_PREVIEWS = YES;
				GENERATE_INFOPLIST_FILE = YES;
				INFOPLIST_KEY_UIApplicationSceneManifest_Generation = YES;
				INFOPLIST_KEY_UIApplicationSupportsIndirectInputEvents = YES;
				INFOPLIST_KEY_UILaunchScreen_Generation = YES;
				INFOPLIST_KEY_UISupportedInterfaceOrientations_iPad = "UIInterfaceOrientationPortrait UIInterfaceOrientationPortraitUpsideDown UIInterfaceOrientationLandscapeLeft UIInterfaceOrientationLandscapeRight";
				INFOPLIST_KEY_UISupportedInterfaceOrientations_iPhone = "UIInterfaceOrientationPortrait UIInterfaceOrientationLandscapeLeft UIInterfaceOrientationLandscapeRight";
				LD_RUNPATH_SEARCH_PATHS = (
					"$(inherited)",
					"@executable_path/Frameworks",
				);
				MARKETING_VERSION = 1.0;
				PRODUCT_BUNDLE_IDENTIFIER = simona.Grocery;
				PRODUCT_NAME = "$(TARGET_NAME)";
				SWIFT_EMIT_LOC_STRINGS = YES;
				SWIFT_VERSION = 5.0;
				TARGETED_DEVICE_FAMILY = "1,2";
			};
			name = Release;
		};
		F8A9C8652BB1DE90000C7F6B /* Debug */ = {
			isa = XCBuildConfiguration;
			buildSettings = {
				ALWAYS_EMBED_SWIFT_STANDARD_LIBRARIES = YES;
				BUNDLE_LOADER = "$(TEST_HOST)";
				CODE_SIGN_STYLE = Automatic;
				CURRENT_PROJECT_VERSION = 1;
				GENERATE_INFOPLIST_FILE = YES;
				IPHONEOS_DEPLOYMENT_TARGET = 17.4;
				MARKETING_VERSION = 1.0;
				PRODUCT_BUNDLE_IDENTIFIER = simona.GroceryTests;
				PRODUCT_NAME = "$(TARGET_NAME)";
				SWIFT_EMIT_LOC_STRINGS = NO;
				SWIFT_VERSION = 5.0;
				TARGETED_DEVICE_FAMILY = "1,2";
				TEST_HOST = "$(BUILT_PRODUCTS_DIR)/Grocery.app/$(BUNDLE_EXECUTABLE_FOLDER_PATH)/Grocery";
			};
			name = Debug;
		};
		F8A9C8662BB1DE90000C7F6B /* Release */ = {
			isa = XCBuildConfiguration;
			buildSettings = {
				ALWAYS_EMBED_SWIFT_STANDARD_LIBRARIES = YES;
				BUNDLE_LOADER = "$(TEST_HOST)";
				CODE_SIGN_STYLE = Automatic;
				CURRENT_PROJECT_VERSION = 1;
				GENERATE_INFOPLIST_FILE = YES;
				IPHONEOS_DEPLOYMENT_TARGET = 17.4;
				MARKETING_VERSION = 1.0;
				PRODUCT_BUNDLE_IDENTIFIER = simona.GroceryTests;
				PRODUCT_NAME = "$(TARGET_NAME)";
				SWIFT_EMIT_LOC_STRINGS = NO;
				SWIFT_VERSION = 5.0;
				TARGETED_DEVICE_FAMILY = "1,2";
				TEST_HOST = "$(BUILT_PRODUCTS_DIR)/Grocery.app/$(BUNDLE_EXECUTABLE_FOLDER_PATH)/Grocery";
			};
			name = Release;
		};
		F8A9C8682BB1DE90000C7F6B /* Debug */ = {
			isa = XCBuildConfiguration;
			buildSettings = {
				ALWAYS_EMBED_SWIFT_STANDARD_LIBRARIES = YES;
				CODE_SIGN_STYLE = Automatic;
				CURRENT_PROJECT_VERSION = 1;
				GENERATE_INFOPLIST_FILE = YES;
				MARKETING_VERSION = 1.0;
				PRODUCT_BUNDLE_IDENTIFIER = simona.GroceryUITests;
				PRODUCT_NAME = "$(TARGET_NAME)";
				SWIFT_EMIT_LOC_STRINGS = NO;
				SWIFT_VERSION = 5.0;
				TARGETED_DEVICE_FAMILY = "1,2";
				TEST_TARGET_NAME = Grocery;
			};
			name = Debug;
		};
		F8A9C8692BB1DE90000C7F6B /* Release */ = {
			isa = XCBuildConfiguration;
			buildSettings = {
				ALWAYS_EMBED_SWIFT_STANDARD_LIBRARIES = YES;
				CODE_SIGN_STYLE = Automatic;
				CURRENT_PROJECT_VERSION = 1;
				GENERATE_INFOPLIST_FILE = YES;
				MARKETING_VERSION = 1.0;
				PRODUCT_BUNDLE_IDENTIFIER = simona.GroceryUITests;
				PRODUCT_NAME = "$(TARGET_NAME)";
				SWIFT_EMIT_LOC_STRINGS = NO;
				SWIFT_VERSION = 5.0;
				TARGETED_DEVICE_FAMILY = "1,2";
				TEST_TARGET_NAME = Grocery;
			};
			name = Release;
		};
/* End XCBuildConfiguration section */

/* Begin XCConfigurationList section */
		F8A9C8382BB1DE8E000C7F6B /* Build configuration list for PBXProject "Grocery" */ = {
			isa = XCConfigurationList;
			buildConfigurations = (
				F8A9C85F2BB1DE90000C7F6B /* Debug */,
				F8A9C8602BB1DE90000C7F6B /* Release */,
			);
			defaultConfigurationIsVisible = 0;
			defaultConfigurationName = Release;
		};
		F8A9C8612BB1DE90000C7F6B /* Build configuration list for PBXNativeTarget "Grocery" */ = {
			isa = XCConfigurationList;
			buildConfigurations = (
				F8A9C8622BB1DE90000C7F6B /* Debug */,
				F8A9C8632BB1DE90000C7F6B /* Release */,
			);
			defaultConfigurationIsVisible = 0;
			defaultConfigurationName = Release;
		};
		F8A9C8642BB1DE90000C7F6B /* Build configuration list for PBXNativeTarget "GroceryTests" */ = {
			isa = XCConfigurationList;
			buildConfigurations = (
				F8A9C8652BB1DE90000C7F6B /* Debug */,
				F8A9C8662BB1DE90000C7F6B /* Release */,
			);
			defaultConfigurationIsVisible = 0;
			defaultConfigurationName = Release;
		};
		F8A9C8672BB1DE90000C7F6B /* Build configuration list for PBXNativeTarget "GroceryUITests" */ = {
			isa = XCConfigurationList;
			buildConfigurations = (
				F8A9C8682BB1DE90000C7F6B /* Debug */,
				F8A9C8692BB1DE90000C7F6B /* Release */,
			);
			defaultConfigurationIsVisible = 0;
			defaultConfigurationName = Release;
		};
/* End XCConfigurationList section */
	};
	rootObject = F8A9C8352BB1DE8E000C7F6B /* Project object */;
}
